// !$*UTF8*$!
{
	archiveVersion = 1;
	classes = {
	};
	objectVersion = 56;
	objects = {

/* Begin PBXBuildFile section */
		14E9B6DD2BA9C840005B8809 /* SwuiftUIPlayGroundApp.swift in Sources */ = {isa = PBXBuildFile; fileRef = 14E9B6DC2BA9C840005B8809 /* SwuiftUIPlayGroundApp.swift */; };
		14E9B6DF2BA9C840005B8809 /* ContentView.swift in Sources */ = {isa = PBXBuildFile; fileRef = 14E9B6DE2BA9C840005B8809 /* ContentView.swift */; };
		14E9B6E12BA9C842005B8809 /* Assets.xcassets in Resources */ = {isa = PBXBuildFile; fileRef = 14E9B6E02BA9C842005B8809 /* Assets.xcassets */; };
		14E9B6E42BA9C842005B8809 /* Preview Assets.xcassets in Resources */ = {isa = PBXBuildFile; fileRef = 14E9B6E32BA9C842005B8809 /* Preview Assets.xcassets */; };
		14E9B6EB2BA9C8CA005B8809 /* HeartSwiftUIView.swift in Sources */ = {isa = PBXBuildFile; fileRef = 14E9B6EA2BA9C8CA005B8809 /* HeartSwiftUIView.swift */; };
		14E9B6ED2BA9CA80005B8809 /* ButtonSwiftUIView.swift in Sources */ = {isa = PBXBuildFile; fileRef = 14E9B6EC2BA9CA80005B8809 /* ButtonSwiftUIView.swift */; };
		14E9B6EF2BAAD4C9005B8809 /* EmojiPeliculasSwiftUIView.swift in Sources */ = {isa = PBXBuildFile; fileRef = 14E9B6EE2BAAD4C9005B8809 /* EmojiPeliculasSwiftUIView.swift */; };
		14E9B6F12BAADCAA005B8809 /* InstantDeveloperSwiftUIView.swift in Sources */ = {isa = PBXBuildFile; fileRef = 14E9B6F02BAADCAA005B8809 /* InstantDeveloperSwiftUIView.swift */; };
/* End PBXBuildFile section */

/* Begin PBXFileReference section */
		14E9B6D92BA9C840005B8809 /* SwuiftUIPlayGround.app */ = {isa = PBXFileReference; explicitFileType = wrapper.application; includeInIndex = 0; path = SwuiftUIPlayGround.app; sourceTree = BUILT_PRODUCTS_DIR; };
		14E9B6DC2BA9C840005B8809 /* SwuiftUIPlayGroundApp.swift */ = {isa = PBXFileReference; lastKnownFileType = sourcecode.swift; path = SwuiftUIPlayGroundApp.swift; sourceTree = "<group>"; };
		14E9B6DE2BA9C840005B8809 /* ContentView.swift */ = {isa = PBXFileReference; lastKnownFileType = sourcecode.swift; path = ContentView.swift; sourceTree = "<group>"; };
		14E9B6E02BA9C842005B8809 /* Assets.xcassets */ = {isa = PBXFileReference; lastKnownFileType = folder.assetcatalog; path = Assets.xcassets; sourceTree = "<group>"; };
		14E9B6E32BA9C842005B8809 /* Preview Assets.xcassets */ = {isa = PBXFileReference; lastKnownFileType = folder.assetcatalog; path = "Preview Assets.xcassets"; sourceTree = "<group>"; };
		14E9B6EA2BA9C8CA005B8809 /* HeartSwiftUIView.swift */ = {isa = PBXFileReference; lastKnownFileType = sourcecode.swift; path = HeartSwiftUIView.swift; sourceTree = "<group>"; };
		14E9B6EC2BA9CA80005B8809 /* ButtonSwiftUIView.swift */ = {isa = PBXFileReference; lastKnownFileType = sourcecode.swift; path = ButtonSwiftUIView.swift; sourceTree = "<group>"; };
		14E9B6EE2BAAD4C9005B8809 /* EmojiPeliculasSwiftUIView.swift */ = {isa = PBXFileReference; lastKnownFileType = sourcecode.swift; path = EmojiPeliculasSwiftUIView.swift; sourceTree = "<group>"; };
		14E9B6F02BAADCAA005B8809 /* InstantDeveloperSwiftUIView.swift */ = {isa = PBXFileReference; lastKnownFileType = sourcecode.swift; path = InstantDeveloperSwiftUIView.swift; sourceTree = "<group>"; };
/* End PBXFileReference section */

/* Begin PBXFrameworksBuildPhase section */
		14E9B6D62BA9C840005B8809 /* Frameworks */ = {
			isa = PBXFrameworksBuildPhase;
			buildActionMask = 2147483647;
			files = (
			);
			runOnlyForDeploymentPostprocessing = 0;
		};
/* End PBXFrameworksBuildPhase section */

/* Begin PBXGroup section */
		14E9B6D02BA9C840005B8809 = {
			isa = PBXGroup;
			children = (
				14E9B6DB2BA9C840005B8809 /* SwuiftUIPlayGround */,
				14E9B6DA2BA9C840005B8809 /* Products */,
			);
			sourceTree = "<group>";
		};
		14E9B6DA2BA9C840005B8809 /* Products */ = {
			isa = PBXGroup;
			children = (
				14E9B6D92BA9C840005B8809 /* SwuiftUIPlayGround.app */,
			);
			name = Products;
			sourceTree = "<group>";
		};
		14E9B6DB2BA9C840005B8809 /* SwuiftUIPlayGround */ = {
			isa = PBXGroup;
			children = (
				14E9B6DC2BA9C840005B8809 /* SwuiftUIPlayGroundApp.swift */,
				14E9B6DE2BA9C840005B8809 /* ContentView.swift */,
				14E9B6EA2BA9C8CA005B8809 /* HeartSwiftUIView.swift */,
				14E9B6EC2BA9CA80005B8809 /* ButtonSwiftUIView.swift */,
				14E9B6EE2BAAD4C9005B8809 /* EmojiPeliculasSwiftUIView.swift */,
				14E9B6F02BAADCAA005B8809 /* InstantDeveloperSwiftUIView.swift */,
				14E9B6E02BA9C842005B8809 /* Assets.xcassets */,
				14E9B6E22BA9C842005B8809 /* Preview Content */,
			);
			path = SwuiftUIPlayGround;
			sourceTree = "<group>";
		};
		14E9B6E22BA9C842005B8809 /* Preview Content */ = {
			isa = PBXGroup;
			children = (
				14E9B6E32BA9C842005B8809 /* Preview Assets.xcassets */,
			);
			path = "Preview Content";
			sourceTree = "<group>";
		};
/* End PBXGroup section */

/* Begin PBXNativeTarget section */
		14E9B6D82BA9C840005B8809 /* SwuiftUIPlayGround */ = {
			isa = PBXNativeTarget;
			buildConfigurationList = 14E9B6E72BA9C842005B8809 /* Build configuration list for PBXNativeTarget "SwuiftUIPlayGround" */;
			buildPhases = (
				14E9B6D52BA9C840005B8809 /* Sources */,
				14E9B6D62BA9C840005B8809 /* Frameworks */,
				14E9B6D72BA9C840005B8809 /* Resources */,
			);
			buildRules = (
			);
			dependencies = (
			);
			name = SwuiftUIPlayGround;
			productName = SwuiftUIPlayGround;
			productReference = 14E9B6D92BA9C840005B8809 /* SwuiftUIPlayGround.app */;
			productType = "com.apple.product-type.application";
		};
/* End PBXNativeTarget section */

/* Begin PBXProject section */
		14E9B6D12BA9C840005B8809 /* Project object */ = {
			isa = PBXProject;
			attributes = {
				BuildIndependentTargetsInParallel = 1;
				LastSwiftUpdateCheck = 1410;
				LastUpgradeCheck = 1410;
				TargetAttributes = {
					14E9B6D82BA9C840005B8809 = {
						CreatedOnToolsVersion = 14.1;
					};
				};
			};
			buildConfigurationList = 14E9B6D42BA9C840005B8809 /* Build configuration list for PBXProject "SwuiftUIPlayGround" */;
			compatibilityVersion = "Xcode 14.0";
			developmentRegion = en;
			hasScannedForEncodings = 0;
			knownRegions = (
				en,
				Base,
			);
			mainGroup = 14E9B6D02BA9C840005B8809;
			productRefGroup = 14E9B6DA2BA9C840005B8809 /* Products */;
			projectDirPath = "";
			projectRoot = "";
			targets = (
				14E9B6D82BA9C840005B8809 /* SwuiftUIPlayGround */,
			);
		};
/* End PBXProject section */

/* Begin PBXResourcesBuildPhase section */
		14E9B6D72BA9C840005B8809 /* Resources */ = {
			isa = PBXResourcesBuildPhase;
			buildActionMask = 2147483647;
			files = (
				14E9B6E42BA9C842005B8809 /* Preview Assets.xcassets in Resources */,
				14E9B6E12BA9C842005B8809 /* Assets.xcassets in Resources */,
			);
			runOnlyForDeploymentPostprocessing = 0;
		};
/* End PBXResourcesBuildPhase section */

/* Begin PBXSourcesBuildPhase section */
		14E9B6D52BA9C840005B8809 /* Sources */ = {
			isa = PBXSourcesBuildPhase;
			buildActionMask = 2147483647;
			files = (
				14E9B6ED2BA9CA80005B8809 /* ButtonSwiftUIView.swift in Sources */,
				14E9B6DF2BA9C840005B8809 /* ContentView.swift in Sources */,
				14E9B6EF2BAAD4C9005B8809 /* EmojiPeliculasSwiftUIView.swift in Sources */,
				14E9B6F12BAADCAA005B8809 /* InstantDeveloperSwiftUIView.swift in Sources */,
				14E9B6EB2BA9C8CA005B8809 /* HeartSwiftUIView.swift in Sources */,
				14E9B6DD2BA9C840005B8809 /* SwuiftUIPlayGroundApp.swift in Sources */,
			);
			runOnlyForDeploymentPostprocessing = 0;
		};
/* End PBXSourcesBuildPhase section */

/* Begin XCBuildConfiguration section */
		14E9B6E52BA9C842005B8809 /* Debug */ = {
			isa = XCBuildConfiguration;
			buildSettings = {
				ALWAYS_SEARCH_USER_PATHS = NO;
				CLANG_ANALYZER_NONNULL = YES;
				CLANG_ANALYZER_NUMBER_OBJECT_CONVERSION = YES_AGGRESSIVE;
				CLANG_CXX_LANGUAGE_STANDARD = "gnu++20";
				CLANG_ENABLE_MODULES = YES;
				CLANG_ENABLE_OBJC_ARC = YES;
				CLANG_ENABLE_OBJC_WEAK = YES;
				CLANG_WARN_BLOCK_CAPTURE_AUTORELEASING = YES;
				CLANG_WARN_BOOL_CONVERSION = YES;
				CLANG_WARN_COMMA = YES;
				CLANG_WARN_CONSTANT_CONVERSION = YES;
				CLANG_WARN_DEPRECATED_OBJC_IMPLEMENTATIONS = YES;
				CLANG_WARN_DIRECT_OBJC_ISA_USAGE = YES_ERROR;
				CLANG_WARN_DOCUMENTATION_COMMENTS = YES;
				CLANG_WARN_EMPTY_BODY = YES;
				CLANG_WARN_ENUM_CONVERSION = YES;
				CLANG_WARN_INFINITE_RECURSION = YES;
				CLANG_WARN_INT_CONVERSION = YES;
				CLANG_WARN_NON_LITERAL_NULL_CONVERSION = YES;
				CLANG_WARN_OBJC_IMPLICIT_RETAIN_SELF = YES;
				CLANG_WARN_OBJC_LITERAL_CONVERSION = YES;
				CLANG_WARN_OBJC_ROOT_CLASS = YES_ERROR;
				CLANG_WARN_QUOTED_INCLUDE_IN_FRAMEWORK_HEADER = YES;
				CLANG_WARN_RANGE_LOOP_ANALYSIS = YES;
				CLANG_WARN_STRICT_PROTOTYPES = YES;
				CLANG_WARN_SUSPICIOUS_MOVE = YES;
				CLANG_WARN_UNGUARDED_AVAILABILITY = YES_AGGRESSIVE;
				CLANG_WARN_UNREACHABLE_CODE = YES;
				CLANG_WARN__DUPLICATE_METHOD_MATCH = YES;
				COPY_PHASE_STRIP = NO;
				DEBUG_INFORMATION_FORMAT = dwarf;
				ENABLE_STRICT_OBJC_MSGSEND = YES;
				ENABLE_TESTABILITY = YES;
				GCC_C_LANGUAGE_STANDARD = gnu11;
				GCC_DYNAMIC_NO_PIC = NO;
				GCC_NO_COMMON_BLOCKS = YES;
				GCC_OPTIMIZATION_LEVEL = 0;
				GCC_PREPROCESSOR_DEFINITIONS = (
					"DEBUG=1",
					"$(inherited)",
				);
				GCC_WARN_64_TO_32_BIT_CONVERSION = YES;
				GCC_WARN_ABOUT_RETURN_TYPE = YES_ERROR;
				GCC_WARN_UNDECLARED_SELECTOR = YES;
				GCC_WARN_UNINITIALIZED_AUTOS = YES_AGGRESSIVE;
				GCC_WARN_UNUSED_FUNCTION = YES;
				GCC_WARN_UNUSED_VARIABLE = YES;
				IPHONEOS_DEPLOYMENT_TARGET = 16.1;
				MTL_ENABLE_DEBUG_INFO = INCLUDE_SOURCE;
				MTL_FAST_MATH = YES;
				ONLY_ACTIVE_ARCH = YES;
				SDKROOT = iphoneos;
				SWIFT_ACTIVE_COMPILATION_CONDITIONS = DEBUG;
				SWIFT_OPTIMIZATION_LEVEL = "-Onone";
			};
			name = Debug;
		};
		14E9B6E62BA9C842005B8809 /* Release */ = {
			isa = XCBuildConfiguration;
			buildSettings = {
				ALWAYS_SEARCH_USER_PATHS = NO;
				CLANG_ANALYZER_NONNULL = YES;
				CLANG_ANALYZER_NUMBER_OBJECT_CONVERSION = YES_AGGRESSIVE;
				CLANG_CXX_LANGUAGE_STANDARD = "gnu++20";
				CLANG_ENABLE_MODULES = YES;
				CLANG_ENABLE_OBJC_ARC = YES;
				CLANG_ENABLE_OBJC_WEAK = YES;
				CLANG_WARN_BLOCK_CAPTURE_AUTORELEASING = YES;
				CLANG_WARN_BOOL_CONVERSION = YES;
				CLANG_WARN_COMMA = YES;
				CLANG_WARN_CONSTANT_CONVERSION = YES;
				CLANG_WARN_DEPRECATED_OBJC_IMPLEMENTATIONS = YES;
				CLANG_WARN_DIRECT_OBJC_ISA_USAGE = YES_ERROR;
				CLANG_WARN_DOCUMENTATION_COMMENTS = YES;
				CLANG_WARN_EMPTY_BODY = YES;
				CLANG_WARN_ENUM_CONVERSION = YES;
				CLANG_WARN_INFINITE_RECURSION = YES;
				CLANG_WARN_INT_CONVERSION = YES;
				CLANG_WARN_NON_LITERAL_NULL_CONVERSION = YES;
				CLANG_WARN_OBJC_IMPLICIT_RETAIN_SELF = YES;
				CLANG_WARN_OBJC_LITERAL_CONVERSION = YES;
				CLANG_WARN_OBJC_ROOT_CLASS = YES_ERROR;
				CLANG_WARN_QUOTED_INCLUDE_IN_FRAMEWORK_HEADER = YES;
				CLANG_WARN_RANGE_LOOP_ANALYSIS = YES;
				CLANG_WARN_STRICT_PROTOTYPES = YES;
				CLANG_WARN_SUSPICIOUS_MOVE = YES;
				CLANG_WARN_UNGUARDED_AVAILABILITY = YES_AGGRESSIVE;
				CLANG_WARN_UNREACHABLE_CODE = YES;
				CLANG_WARN__DUPLICATE_METHOD_MATCH = YES;
				COPY_PHASE_STRIP = NO;
				DEBUG_INFORMATION_FORMAT = "dwarf-with-dsym";
				ENABLE_NS_ASSERTIONS = NO;
				ENABLE_STRICT_OBJC_MSGSEND = YES;
				GCC_C_LANGUAGE_STANDARD = gnu11;
				GCC_NO_COMMON_BLOCKS = YES;
				GCC_WARN_64_TO_32_BIT_CONVERSION = YES;
				GCC_WARN_ABOUT_RETURN_TYPE = YES_ERROR;
				GCC_WARN_UNDECLARED_SELECTOR = YES;
				GCC_WARN_UNINITIALIZED_AUTOS = YES_AGGRESSIVE;
				GCC_WARN_UNUSED_FUNCTION = YES;
				GCC_WARN_UNUSED_VARIABLE = YES;
				IPHONEOS_DEPLOYMENT_TARGET = 16.1;
				MTL_ENABLE_DEBUG_INFO = NO;
				MTL_FAST_MATH = YES;
				SDKROOT = iphoneos;
				SWIFT_COMPILATION_MODE = wholemodule;
				SWIFT_OPTIMIZATION_LEVEL = "-O";
				VALIDATE_PRODUCT = YES;
			};
			name = Release;
		};
		14E9B6E82BA9C842005B8809 /* Debug */ = {
			isa = XCBuildConfiguration;
			buildSettings = {
				ASSETCATALOG_COMPILER_APPICON_NAME = AppIcon;
				ASSETCATALOG_COMPILER_GLOBAL_ACCENT_COLOR_NAME = AccentColor;
				CODE_SIGN_STYLE = Automatic;
				CURRENT_PROJECT_VERSION = 1;
				DEVELOPMENT_ASSET_PATHS = "\"SwuiftUIPlayGround/Preview Content\"";
				DEVELOPMENT_TEAM = 775X9DRAGW;
				ENABLE_PREVIEWS = YES;
				GENERATE_INFOPLIST_FILE = YES;
				INFOPLIST_KEY_UIApplicationSceneManifest_Generation = YES;
				INFOPLIST_KEY_UIApplicationSupportsIndirectInputEvents = YES;
				INFOPLIST_KEY_UILaunchScreen_Generation = YES;
				INFOPLIST_KEY_UISupportedInterfaceOrientations_iPad = "UIInterfaceOrientationPortrait UIInterfaceOrientationPortraitUpsideDown UIInterfaceOrientationLandscapeLeft UIInterfaceOrientationLandscapeRight";
				INFOPLIST_KEY_UISupportedInterfaceOrientations_iPhone = "UIInterfaceOrientationPortrait UIInterfaceOrientationLandscapeLeft UIInterfaceOrientationLandscapeRight";
				LD_RUNPATH_SEARCH_PATHS = (
					"$(inherited)",
					"@executable_path/Frameworks",
				);
				MARKETING_VERSION = 1.0;
				PRODUCT_BUNDLE_IDENTIFIER = desktop.SwuiftUIPlayGround;
				PRODUCT_NAME = "$(TARGET_NAME)";
				SWIFT_EMIT_LOC_STRINGS = YES;
				SWIFT_VERSION = 5.0;
				TARGETED_DEVICE_FAMILY = "1,2";
			};
			name = Debug;
		};
		14E9B6E92BA9C842005B8809 /* Release */ = {
			isa = XCBuildConfiguration;
			buildSettings = {
				ASSETCATALOG_COMPILER_APPICON_NAME = AppIcon;
				ASSETCATALOG_COMPILER_GLOBAL_ACCENT_COLOR_NAME = AccentColor;
				CODE_SIGN_STYLE = Automatic;
				CURRENT_PROJECT_VERSION = 1;
				DEVELOPMENT_ASSET_PATHS = "\"SwuiftUIPlayGround/Preview Content\"";
				DEVELOPMENT_TEAM = 775X9DRAGW;
				ENABLE_PREVIEWS = YES;
				GENERATE_INFOPLIST_FILE = YES;
				INFOPLIST_KEY_UIApplicationSceneManifest_Generation = YES;
				INFOPLIST_KEY_UIApplicationSupportsIndirectInputEvents = YES;
				INFOPLIST_KEY_UILaunchScreen_Generation = YES;
				INFOPLIST_KEY_UISupportedInterfaceOrientations_iPad = "UIInterfaceOrientationPortrait UIInterfaceOrientationPortraitUpsideDown UIInterfaceOrientationLandscapeLeft UIInterfaceOrientationLandscapeRight";
				INFOPLIST_KEY_UISupportedInterfaceOrientations_iPhone = "UIInterfaceOrientationPortrait UIInterfaceOrientationLandscapeLeft UIInterfaceOrientationLandscapeRight";
				LD_RUNPATH_SEARCH_PATHS = (
					"$(inherited)",
					"@executable_path/Frameworks",
				);
				MARKETING_VERSION = 1.0;
				PRODUCT_BUNDLE_IDENTIFIER = desktop.SwuiftUIPlayGround;
				PRODUCT_NAME = "$(TARGET_NAME)";
				SWIFT_EMIT_LOC_STRINGS = YES;
				SWIFT_VERSION = 5.0;
				TARGETED_DEVICE_FAMILY = "1,2";
			};
			name = Release;
		};
/* End XCBuildConfiguration section */

/* Begin XCConfigurationList section */
		14E9B6D42BA9C840005B8809 /* Build configuration list for PBXProject "SwuiftUIPlayGround" */ = {
			isa = XCConfigurationList;
			buildConfigurations = (
				14E9B6E52BA9C842005B8809 /* Debug */,
				14E9B6E62BA9C842005B8809 /* Release */,
			);
			defaultConfigurationIsVisible = 0;
			defaultConfigurationName = Release;
		};
		14E9B6E72BA9C842005B8809 /* Build configuration list for PBXNativeTarget "SwuiftUIPlayGround" */ = {
			isa = XCConfigurationList;
			buildConfigurations = (
				14E9B6E82BA9C842005B8809 /* Debug */,
				14E9B6E92BA9C842005B8809 /* Release */,
			);
			defaultConfigurationIsVisible = 0;
			defaultConfigurationName = Release;
		};
/* End XCConfigurationList section */
	};
	rootObject = 14E9B6D12BA9C840005B8809 /* Project object */;
}
